
Microsoft Visual Studio Solution File, Format Version 12.00
# Visual Studio Version 16
VisualStudioVersion = 16.0.29503.13
MinimumVisualStudioVersion = 10.0.40219.1
Project("{FAE04EC0-301F-11D3-BF4B-00C04F79EFBC}") = "AutomationHelper", "AutomationHelper\AutomationHelper.csproj", "{F14EE7D7-1614-462D-9235-89D37E77F398}"
EndProject
Global
	GlobalSection(SolutionConfigurationPlatforms) = preSolution
		Debug|Any CPU = Debug|Any CPU
		Release|Any CPU = Release|Any CPU
	EndGlobalSection
	GlobalSection(ProjectConfigurationPlatforms) = postSolution
		{F14EE7D7-1614-462D-9235-89D37E77F398}.Debug|Any CPU.ActiveCfg = Debug|Any CPU
		{F14EE7D7-1614-462D-9235-89D37E77F398}.Debug|Any CPU.Build.0 = Debug|Any CPU
		{F14EE7D7-1614-462D-9235-89D37E77F398}.Release|Any CPU.ActiveCfg = Release|Any CPU
		{F14EE7D7-1614-462D-9235-89D37E77F398}.Release|Any CPU.Build.0 = Release|Any CPU
	EndGlobalSection
	GlobalSection(SolutionProperties) = preSolution
		HideSolutionNode = FALSE
	EndGlobalSection
	GlobalSection(ExtensibilityGlobals) = postSolution
		SolutionGuid = {1D7A2B72-7AF1-4C15-A53F-4F5D28B17498}
	EndGlobalSection
EndGlobal
